
Microsoft Visual Studio Solution File, Format Version 12.00
# Visual Studio Version 17
VisualStudioVersion = 17.11.35327.3
MinimumVisualStudioVersion = 10.0.40219.1
Project("{FAE04EC0-301F-11D3-BF4B-00C04F79EFBC}") = "FileIODemos", "FileIODemos.csproj", "{B39196C9-BBB4-49ED-B445-BCB357D603B5}"
EndProject
Global
	GlobalSection(SolutionConfigurationPlatforms) = preSolution
		Debug|Any CPU = Debug|Any CPU
		Release|Any CPU = Release|Any CPU
	EndGlobalSection
	GlobalSection(ProjectConfigurationPlatforms) = postSolution
		{B39196C9-BBB4-49ED-B445-BCB357D603B5}.Debug|Any CPU.ActiveCfg = Debug|Any CPU
		{B39196C9-BBB4-49ED-B445-BCB357D603B5}.Debug|Any CPU.Build.0 = Debug|Any CPU
		{B39196C9-BBB4-49ED-B445-BCB357D603B5}.Release|Any CPU.ActiveCfg = Release|Any CPU
		{B39196C9-BBB4-49ED-B445-BCB357D603B5}.Release|Any CPU.Build.0 = Release|Any CPU
	EndGlobalSection
	GlobalSection(SolutionProperties) = preSolution
		HideSolutionNode = FALSE
	EndGlobalSection
	GlobalSection(ExtensibilityGlobals) = postSolution
		SolutionGuid = {8E4C0373-A52B-4181-B71D-38F6211152AF}
	EndGlobalSection
EndGlobal
