
Microsoft Visual Studio Solution File, Format Version 12.00
# Visual Studio Version 17
VisualStudioVersion = 17.11.35327.3
MinimumVisualStudioVersion = 10.0.40219.1
Project("{FAE04EC0-301F-11D3-BF4B-00C04F79EFBC}") = "CF_API", "CF_API.csproj", "{01804381-2385-475E-92CC-F43C00E9835C}"
EndProject
Global
	GlobalSection(SolutionConfigurationPlatforms) = preSolution
		Debug|Any CPU = Debug|Any CPU
		Release|Any CPU = Release|Any CPU
	EndGlobalSection
	GlobalSection(ProjectConfigurationPlatforms) = postSolution
		{01804381-2385-475E-92CC-F43C00E9835C}.Debug|Any CPU.ActiveCfg = Debug|Any CPU
		{01804381-2385-475E-92CC-F43C00E9835C}.Debug|Any CPU.Build.0 = Debug|Any CPU
		{01804381-2385-475E-92CC-F43C00E9835C}.Release|Any CPU.ActiveCfg = Release|Any CPU
		{01804381-2385-475E-92CC-F43C00E9835C}.Release|Any CPU.Build.0 = Release|Any CPU
	EndGlobalSection
	GlobalSection(SolutionProperties) = preSolution
		HideSolutionNode = FALSE
	EndGlobalSection
	GlobalSection(ExtensibilityGlobals) = postSolution
		SolutionGuid = {314B9B70-C616-44CF-890A-1838CC91F6EB}
	EndGlobalSection
EndGlobal
